// !$*UTF8*$!
{
	archiveVersion = 1;
	classes = {
	};
	objectVersion = 50;
	objects = {

/* Begin PBXBuildFile section */
		19DD9D302516C15E00A06040 /* AppDelegate.swift in Sources */ = {isa = PBXBuildFile; fileRef = 19DD9D2F2516C15E00A06040 /* AppDelegate.swift */; };
		19DD9D322516C15E00A06040 /* SceneDelegate.swift in Sources */ = {isa = PBXBuildFile; fileRef = 19DD9D312516C15E00A06040 /* SceneDelegate.swift */; };
		19DD9D342516C15E00A06040 /* ViewController.swift in Sources */ = {isa = PBXBuildFile; fileRef = 19DD9D332516C15E00A06040 /* ViewController.swift */; };
		19DD9D372516C15E00A06040 /* Main.storyboard in Resources */ = {isa = PBXBuildFile; fileRef = 19DD9D352516C15E00A06040 /* Main.storyboard */; };
		19DD9D392516C16200A06040 /* Assets.xcassets in Resources */ = {isa = PBXBuildFile; fileRef = 19DD9D382516C16200A06040 /* Assets.xcassets */; };
		19DD9D3C2516C16200A06040 /* LaunchScreen.storyboard in Resources */ = {isa = PBXBuildFile; fileRef = 19DD9D3A2516C16200A06040 /* LaunchScreen.storyboard */; };
		19DD9D452516C17A00A06040 /* Calculadora.swift in Sources */ = {isa = PBXBuildFile; fileRef = 19DD9D442516C17A00A06040 /* Calculadora.swift */; };
/* End PBXBuildFile section */

/* Begin PBXFileReference section */
		19DD9D2C2516C15E00A06040 /* desafio02.app */ = {isa = PBXFileReference; explicitFileType = wrapper.application; includeInIndex = 0; path = desafio02.app; sourceTree = BUILT_PRODUCTS_DIR; };
		19DD9D2F2516C15E00A06040 /* AppDelegate.swift */ = {isa = PBXFileReference; lastKnownFileType = sourcecode.swift; path = AppDelegate.swift; sourceTree = "<group>"; };
		19DD9D312516C15E00A06040 /* SceneDelegate.swift */ = {isa = PBXFileReference; lastKnownFileType = sourcecode.swift; path = SceneDelegate.swift; sourceTree = "<group>"; };
		19DD9D332516C15E00A06040 /* ViewController.swift */ = {isa = PBXFileReference; lastKnownFileType = sourcecode.swift; path = ViewController.swift; sourceTree = "<group>"; };
		19DD9D362516C15E00A06040 /* Base */ = {isa = PBXFileReference; lastKnownFileType = file.storyboard; name = Base; path = Base.lproj/Main.storyboard; sourceTree = "<group>"; };
		19DD9D382516C16200A06040 /* Assets.xcassets */ = {isa = PBXFileReference; lastKnownFileType = folder.assetcatalog; path = Assets.xcassets; sourceTree = "<group>"; };
		19DD9D3B2516C16200A06040 /* Base */ = {isa = PBXFileReference; lastKnownFileType = file.storyboard; name = Base; path = Base.lproj/LaunchScreen.storyboard; sourceTree = "<group>"; };
		19DD9D3D2516C16200A06040 /* Info.plist */ = {isa = PBXFileReference; lastKnownFileType = text.plist.xml; path = Info.plist; sourceTree = "<group>"; };
		19DD9D442516C17A00A06040 /* Calculadora.swift */ = {isa = PBXFileReference; lastKnownFileType = sourcecode.swift; path = Calculadora.swift; sourceTree = "<group>"; };
/* End PBXFileReference section */

/* Begin PBXFrameworksBuildPhase section */
		19DD9D292516C15E00A06040 /* Frameworks */ = {
			isa = PBXFrameworksBuildPhase;
			buildActionMask = 2147483647;
			files = (
			);
			runOnlyForDeploymentPostprocessing = 0;
		};
/* End PBXFrameworksBuildPhase section */

/* Begin PBXGroup section */
		19DD9D232516C15E00A06040 = {
			isa = PBXGroup;
			children = (
				19DD9D2E2516C15E00A06040 /* desafio02 */,
				19DD9D2D2516C15E00A06040 /* Products */,
			);
			sourceTree = "<group>";
		};
		19DD9D2D2516C15E00A06040 /* Products */ = {
			isa = PBXGroup;
			children = (
				19DD9D2C2516C15E00A06040 /* desafio02.app */,
			);
			name = Products;
			sourceTree = "<group>";
		};
		19DD9D2E2516C15E00A06040 /* desafio02 */ = {
			isa = PBXGroup;
			children = (
				19DD9D2F2516C15E00A06040 /* AppDelegate.swift */,
				19DD9D312516C15E00A06040 /* SceneDelegate.swift */,
				19DD9D332516C15E00A06040 /* ViewController.swift */,
				19DD9D442516C17A00A06040 /* Calculadora.swift */,
				19DD9D352516C15E00A06040 /* Main.storyboard */,
				19DD9D382516C16200A06040 /* Assets.xcassets */,
				19DD9D3A2516C16200A06040 /* LaunchScreen.storyboard */,
				19DD9D3D2516C16200A06040 /* Info.plist */,
			);
			path = desafio02;
			sourceTree = "<group>";
		};
/* End PBXGroup section */

/* Begin PBXNativeTarget section */
		19DD9D2B2516C15E00A06040 /* desafio02 */ = {
			isa = PBXNativeTarget;
			buildConfigurationList = 19DD9D402516C16200A06040 /* Build configuration list for PBXNativeTarget "desafio02" */;
			buildPhases = (
				19DD9D282516C15E00A06040 /* Sources */,
				19DD9D292516C15E00A06040 /* Frameworks */,
				19DD9D2A2516C15E00A06040 /* Resources */,
			);
			buildRules = (
			);
			dependencies = (
			);
			name = desafio02;
			productName = desafio02;
			productReference = 19DD9D2C2516C15E00A06040 /* desafio02.app */;
			productType = "com.apple.product-type.application";
		};
/* End PBXNativeTarget section */

/* Begin PBXProject section */
		19DD9D242516C15E00A06040 /* Project object */ = {
			isa = PBXProject;
			attributes = {
				LastSwiftUpdateCheck = 1200;
				LastUpgradeCheck = 1200;
				TargetAttributes = {
					19DD9D2B2516C15E00A06040 = {
						CreatedOnToolsVersion = 12.0;
					};
				};
			};
			buildConfigurationList = 19DD9D272516C15E00A06040 /* Build configuration list for PBXProject "desafio02" */;
			compatibilityVersion = "Xcode 9.3";
			developmentRegion = en;
			hasScannedForEncodings = 0;
			knownRegions = (
				en,
				Base,
			);
			mainGroup = 19DD9D232516C15E00A06040;
			productRefGroup = 19DD9D2D2516C15E00A06040 /* Products */;
			projectDirPath = "";
			projectRoot = "";
			targets = (
				19DD9D2B2516C15E00A06040 /* desafio02 */,
			);
		};
/* End PBXProject section */

/* Begin PBXResourcesBuildPhase section */
		19DD9D2A2516C15E00A06040 /* Resources */ = {
			isa = PBXResourcesBuildPhase;
			buildActionMask = 2147483647;
			files = (
				19DD9D3C2516C16200A06040 /* LaunchScreen.storyboard in Resources */,
				19DD9D392516C16200A06040 /* Assets.xcassets in Resources */,
				19DD9D372516C15E00A06040 /* Main.storyboard in Resources */,
			);
			runOnlyForDeploymentPostprocessing = 0;
		};
/* End PBXResourcesBuildPhase section */

/* Begin PBXSourcesBuildPhase section */
		19DD9D282516C15E00A06040 /* Sources */ = {
			isa = PBXSourcesBuildPhase;
			buildActionMask = 2147483647;
			files = (
				19DD9D342516C15E00A06040 /* ViewController.swift in Sources */,
				19DD9D302516C15E00A06040 /* AppDelegate.swift in Sources */,
				19DD9D322516C15E00A06040 /* SceneDelegate.swift in Sources */,
				19DD9D452516C17A00A06040 /* Calculadora.swift in Sources */,
			);
			runOnlyForDeploymentPostprocessing = 0;
		};
/* End PBXSourcesBuildPhase section */

/* Begin PBXVariantGroup section */
		19DD9D352516C15E00A06040 /* Main.storyboard */ = {
			isa = PBXVariantGroup;
			children = (
				19DD9D362516C15E00A06040 /* Base */,
			);
			name = Main.storyboard;
			sourceTree = "<group>";
		};
		19DD9D3A2516C16200A06040 /* LaunchScreen.storyboard */ = {
			isa = PBXVariantGroup;
			children = (
				19DD9D3B2516C16200A06040 /* Base */,
			);
			name = LaunchScreen.storyboard;
			sourceTree = "<group>";
		};
/* End PBXVariantGroup section */

/* Begin XCBuildConfiguration section */
		19DD9D3E2516C16200A06040 /* Debug */ = {
			isa = XCBuildConfiguration;
			buildSettings = {
				ALWAYS_SEARCH_USER_PATHS = NO;
				CLANG_ANALYZER_NONNULL = YES;
				CLANG_ANALYZER_NUMBER_OBJECT_CONVERSION = YES_AGGRESSIVE;
				CLANG_CXX_LANGUAGE_STANDARD = "gnu++14";
				CLANG_CXX_LIBRARY = "libc++";
				CLANG_ENABLE_MODULES = YES;
				CLANG_ENABLE_OBJC_ARC = YES;
				CLANG_ENABLE_OBJC_WEAK = YES;
				CLANG_WARN_BLOCK_CAPTURE_AUTORELEASING = YES;
				CLANG_WARN_BOOL_CONVERSION = YES;
				CLANG_WARN_COMMA = YES;
				CLANG_WARN_CONSTANT_CONVERSION = YES;
				CLANG_WARN_DEPRECATED_OBJC_IMPLEMENTATIONS = YES;
				CLANG_WARN_DIRECT_OBJC_ISA_USAGE = YES_ERROR;
				CLANG_WARN_DOCUMENTATION_COMMENTS = YES;
				CLANG_WARN_EMPTY_BODY = YES;
				CLANG_WARN_ENUM_CONVERSION = YES;
				CLANG_WARN_INFINITE_RECURSION = YES;
				CLANG_WARN_INT_CONVERSION = YES;
				CLANG_WARN_NON_LITERAL_NULL_CONVERSION = YES;
				CLANG_WARN_OBJC_IMPLICIT_RETAIN_SELF = YES;
				CLANG_WARN_OBJC_LITERAL_CONVERSION = YES;
				CLANG_WARN_OBJC_ROOT_CLASS = YES_ERROR;
				CLANG_WARN_QUOTED_INCLUDE_IN_FRAMEWORK_HEADER = YES;
				CLANG_WARN_RANGE_LOOP_ANALYSIS = YES;
				CLANG_WARN_STRICT_PROTOTYPES = YES;
				CLANG_WARN_SUSPICIOUS_MOVE = YES;
				CLANG_WARN_UNGUARDED_AVAILABILITY = YES_AGGRESSIVE;
				CLANG_WARN_UNREACHABLE_CODE = YES;
				CLANG_WARN__DUPLICATE_METHOD_MATCH = YES;
				COPY_PHASE_STRIP = NO;
				DEBUG_INFORMATION_FORMAT = dwarf;
				ENABLE_STRICT_OBJC_MSGSEND = YES;
				ENABLE_TESTABILITY = YES;
				GCC_C_LANGUAGE_STANDARD = gnu11;
				GCC_DYNAMIC_NO_PIC = NO;
				GCC_NO_COMMON_BLOCKS = YES;
				GCC_OPTIMIZATION_LEVEL = 0;
				GCC_PREPROCESSOR_DEFINITIONS = (
					"DEBUG=1",
					"$(inherited)",
				);
				GCC_WARN_64_TO_32_BIT_CONVERSION = YES;
				GCC_WARN_ABOUT_RETURN_TYPE = YES_ERROR;
				GCC_WARN_UNDECLARED_SELECTOR = YES;
				GCC_WARN_UNINITIALIZED_AUTOS = YES_AGGRESSIVE;
				GCC_WARN_UNUSED_FUNCTION = YES;
				GCC_WARN_UNUSED_VARIABLE = YES;
				IPHONEOS_DEPLOYMENT_TARGET = 14.0;
				MTL_ENABLE_DEBUG_INFO = INCLUDE_SOURCE;
				MTL_FAST_MATH = YES;
				ONLY_ACTIVE_ARCH = YES;
				SDKROOT = iphoneos;
				SWIFT_ACTIVE_COMPILATION_CONDITIONS = DEBUG;
				SWIFT_OPTIMIZATION_LEVEL = "-Onone";
			};
			name = Debug;
		};
		19DD9D3F2516C16200A06040 /* Release */ = {
			isa = XCBuildConfiguration;
			buildSettings = {
				ALWAYS_SEARCH_USER_PATHS = NO;
				CLANG_ANALYZER_NONNULL = YES;
				CLANG_ANALYZER_NUMBER_OBJECT_CONVERSION = YES_AGGRESSIVE;
				CLANG_CXX_LANGUAGE_STANDARD = "gnu++14";
				CLANG_CXX_LIBRARY = "libc++";
				CLANG_ENABLE_MODULES = YES;
				CLANG_ENABLE_OBJC_ARC = YES;
				CLANG_ENABLE_OBJC_WEAK = YES;
				CLANG_WARN_BLOCK_CAPTURE_AUTORELEASING = YES;
				CLANG_WARN_BOOL_CONVERSION = YES;
				CLANG_WARN_COMMA = YES;
				CLANG_WARN_CONSTANT_CONVERSION = YES;
				CLANG_WARN_DEPRECATED_OBJC_IMPLEMENTATIONS = YES;
				CLANG_WARN_DIRECT_OBJC_ISA_USAGE = YES_ERROR;
				CLANG_WARN_DOCUMENTATION_COMMENTS = YES;
				CLANG_WARN_EMPTY_BODY = YES;
				CLANG_WARN_ENUM_CONVERSION = YES;
				CLANG_WARN_INFINITE_RECURSION = YES;
				CLANG_WARN_INT_CONVERSION = YES;
				CLANG_WARN_NON_LITERAL_NULL_CONVERSION = YES;
				CLANG_WARN_OBJC_IMPLICIT_RETAIN_SELF = YES;
				CLANG_WARN_OBJC_LITERAL_CONVERSION = YES;
				CLANG_WARN_OBJC_ROOT_CLASS = YES_ERROR;
				CLANG_WARN_QUOTED_INCLUDE_IN_FRAMEWORK_HEADER = YES;
				CLANG_WARN_RANGE_LOOP_ANALYSIS = YES;
				CLANG_WARN_STRICT_PROTOTYPES = YES;
				CLANG_WARN_SUSPICIOUS_MOVE = YES;
				CLANG_WARN_UNGUARDED_AVAILABILITY = YES_AGGRESSIVE;
				CLANG_WARN_UNREACHABLE_CODE = YES;
				CLANG_WARN__DUPLICATE_METHOD_MATCH = YES;
				COPY_PHASE_STRIP = NO;
				DEBUG_INFORMATION_FORMAT = "dwarf-with-dsym";
				ENABLE_NS_ASSERTIONS = NO;
				ENABLE_STRICT_OBJC_MSGSEND = YES;
				GCC_C_LANGUAGE_STANDARD = gnu11;
				GCC_NO_COMMON_BLOCKS = YES;
				GCC_WARN_64_TO_32_BIT_CONVERSION = YES;
				GCC_WARN_ABOUT_RETURN_TYPE = YES_ERROR;
				GCC_WARN_UNDECLARED_SELECTOR = YES;
				GCC_WARN_UNINITIALIZED_AUTOS = YES_AGGRESSIVE;
				GCC_WARN_UNUSED_FUNCTION = YES;
				GCC_WARN_UNUSED_VARIABLE = YES;
				IPHONEOS_DEPLOYMENT_TARGET = 14.0;
				MTL_ENABLE_DEBUG_INFO = NO;
				MTL_FAST_MATH = YES;
				SDKROOT = iphoneos;
				SWIFT_COMPILATION_MODE = wholemodule;
				SWIFT_OPTIMIZATION_LEVEL = "-O";
				VALIDATE_PRODUCT = YES;
			};
			name = Release;
		};
		19DD9D412516C16200A06040 /* Debug */ = {
			isa = XCBuildConfiguration;
			buildSettings = {
				ASSETCATALOG_COMPILER_APPICON_NAME = AppIcon;
				ASSETCATALOG_COMPILER_GLOBAL_ACCENT_COLOR_NAME = AccentColor;
				CODE_SIGN_STYLE = Automatic;
				INFOPLIST_FILE = desafio02/Info.plist;
				LD_RUNPATH_SEARCH_PATHS = (
					"$(inherited)",
					"@executable_path/Frameworks",
				);
				PRODUCT_BUNDLE_IDENTIFIER = br.com.mizialmeida.desafio02;
				PRODUCT_NAME = "$(TARGET_NAME)";
				SWIFT_VERSION = 5.0;
				TARGETED_DEVICE_FAMILY = "1,2";
			};
			name = Debug;
		};
		19DD9D422516C16200A06040 /* Release */ = {
			isa = XCBuildConfiguration;
			buildSettings = {
				ASSETCATALOG_COMPILER_APPICON_NAME = AppIcon;
				ASSETCATALOG_COMPILER_GLOBAL_ACCENT_COLOR_NAME = AccentColor;
				CODE_SIGN_STYLE = Automatic;
				INFOPLIST_FILE = desafio02/Info.plist;
				LD_RUNPATH_SEARCH_PATHS = (
					"$(inherited)",
					"@executable_path/Frameworks",
				);
				PRODUCT_BUNDLE_IDENTIFIER = br.com.mizialmeida.desafio02;
				PRODUCT_NAME = "$(TARGET_NAME)";
				SWIFT_VERSION = 5.0;
				TARGETED_DEVICE_FAMILY = "1,2";
			};
			name = Release;
		};
/* End XCBuildConfiguration section */

/* Begin XCConfigurationList section */
		19DD9D272516C15E00A06040 /* Build configuration list for PBXProject "desafio02" */ = {
			isa = XCConfigurationList;
			buildConfigurations = (
				19DD9D3E2516C16200A06040 /* Debug */,
				19DD9D3F2516C16200A06040 /* Release */,
			);
			defaultConfigurationIsVisible = 0;
			defaultConfigurationName = Release;
		};
		19DD9D402516C16200A06040 /* Build configuration list for PBXNativeTarget "desafio02" */ = {
			isa = XCConfigurationList;
			buildConfigurations = (
				19DD9D412516C16200A06040 /* Debug */,
				19DD9D422516C16200A06040 /* Release */,
			);
			defaultConfigurationIsVisible = 0;
			defaultConfigurationName = Release;
		};
/* End XCConfigurationList section */
	};
	rootObject = 19DD9D242516C15E00A06040 /* Project object */;
}
